{
  "nodes": {
    "flake-parts": {
      "inputs": {
        "nixpkgs-lib": [
          "mcp-hub",
          "nixpkgs"
        ]
      },
      "locked": {
        "lastModified": 1743550720,
        "narHash": "sha256-hIshGgKZCgWh6AYJpJmRgFdR3WUbkY04o82X05xqQiY=",
        "owner": "hercules-ci",
        "repo": "flake-parts",
        "rev": "c621e8422220273271f52058f618c94e405bb0f5",
        "type": "github"
      },
      "original": {
        "owner": "hercules-ci",
        "repo": "flake-parts",
        "type": "github"
      }
    },
    "flake-parts_2": {
      "inputs": {
        "nixpkgs-lib": [
          "mcphub-nvim",
          "nixpkgs"
        ]
      },
      "locked": {
        "lastModified": 1743550720,
        "narHash": "sha256-hIshGgKZCgWh6AYJpJmRgFdR3WUbkY04o82X05xqQiY=",
        "owner": "hercules-ci",
        "repo": "flake-parts",
        "rev": "c621e8422220273271f52058f618c94e405bb0f5",
        "type": "github"
      },
      "original": {
        "owner": "hercules-ci",
        "repo": "flake-parts",
        "type": "github"
      }
    },
    "flake-parts_3": {
      "inputs": {
        "nixpkgs-lib": [
          "nixvim",
          "nixpkgs"
        ]
      },
      "locked": {
        "lastModified": 1754487366,
        "narHash": "sha256-pHYj8gUBapuUzKV/kN/tR3Zvqc7o6gdFB9XKXIp1SQ8=",
        "owner": "hercules-ci",
        "repo": "flake-parts",
        "rev": "af66ad14b28a127c5c0f3bbb298218fc63528a18",
        "type": "github"
      },
      "original": {
        "owner": "hercules-ci",
        "repo": "flake-parts",
        "type": "github"
      }
    },
    "flake-utils": {
      "inputs": {
        "systems": "systems"
      },
      "locked": {
        "lastModified": 1731533236,
        "narHash": "sha256-l0KFg5HjrsfsO/JpG+r7fRrqm12kzFHyUHqHCVpMMbI=",
        "owner": "numtide",
        "repo": "flake-utils",
        "rev": "11707dc2f618dd54ca8739b309ec4fc024de578b",
        "type": "github"
      },
      "original": {
        "owner": "numtide",
        "repo": "flake-utils",
        "type": "github"
      }
    },
    "ixx": {
      "inputs": {
        "flake-utils": [
          "nixvim",
          "nuschtosSearch",
          "flake-utils"
        ],
        "nixpkgs": [
          "nixvim",
          "nuschtosSearch",
          "nixpkgs"
        ]
      },
      "locked": {
        "lastModified": 1754860581,
        "narHash": "sha256-EM0IE63OHxXCOpDHXaTyHIOk2cNvMCGPqLt/IdtVxgk=",
        "owner": "NuschtOS",
        "repo": "ixx",
        "rev": "babfe85a876162c4acc9ab6fb4483df88fa1f281",
        "type": "github"
      },
      "original": {
        "owner": "NuschtOS",
        "ref": "v0.1.1",
        "repo": "ixx",
        "type": "github"
      }
    },
    "mcp-hub": {
      "inputs": {
        "flake-parts": "flake-parts",
        "nixpkgs": "nixpkgs"
      },
      "locked": {
        "lastModified": 1755841689,
        "narHash": "sha256-KakvXZf0vjdqzyT+LsAKHEr4GLICGXPmxl1hZ3tI7Yg=",
        "owner": "ravitemer",
        "repo": "mcp-hub",
        "rev": "9c7670a4c341ed3cf738a6242c0fde1cea40bccf",
        "type": "github"
      },
      "original": {
        "owner": "ravitemer",
        "repo": "mcp-hub",
        "type": "github"
      }
    },
    "mcphub-nvim": {
      "inputs": {
        "flake-parts": "flake-parts_2",
        "nixpkgs": "nixpkgs_2"
      },
      "locked": {
        "lastModified": 1755878990,
        "narHash": "sha256-pogTjHj2JxHjz5qw3XnWoTiv/c8yl+1SMbb0IeNg734=",
        "owner": "ravitemer",
        "repo": "mcphub.nvim",
        "rev": "bd3dc1cf39812691c197989327cd36c41d5a1fb6",
        "type": "github"
      },
      "original": {
        "owner": "ravitemer",
        "repo": "mcphub.nvim",
        "type": "github"
      }
    },
    "nixpkgs": {
      "locked": {
        "lastModified": 1743689281,
        "narHash": "sha256-y7Hg5lwWhEOgflEHRfzSH96BOt26LaYfrYWzZ+VoVdg=",
        "owner": "NixOS",
        "repo": "nixpkgs",
        "rev": "2bfc080955153be0be56724be6fa5477b4eefabb",
        "type": "github"
      },
      "original": {
        "owner": "NixOS",
        "ref": "nixpkgs-unstable",
        "repo": "nixpkgs",
        "type": "github"
      }
    },
    "nixpkgs_2": {
      "locked": {
        "lastModified": 1745377448,
        "narHash": "sha256-jhZDfXVKdD7TSEGgzFJQvEEZ2K65UMiqW5YJ2aIqxMA=",
        "owner": "nixos",
        "repo": "nixpkgs",
        "rev": "507b63021ada5fee621b6ca371c4fca9ca46f52c",
        "type": "github"
      },
      "original": {
        "owner": "nixos",
        "ref": "nixpkgs-unstable",
        "repo": "nixpkgs",
        "type": "github"
      }
    },
    "nixpkgs_3": {
      "locked": {
        "lastModified": 1756369280,
        "narHash": "sha256-vT4MwP40YINH/+yN81Ab8SNXvBwO0vQMcG4wTlsodi0=",
        "owner": "nixos",
        "repo": "nixpkgs",
        "rev": "079b7a006c021a2a378400fe286d1a49830bca46",
        "type": "github"
      },
      "original": {
        "owner": "nixos",
        "ref": "master",
        "repo": "nixpkgs",
        "type": "github"
      }
    },
    "nixpkgs_4": {
      "locked": {
        "lastModified": 1755829505,
        "narHash": "sha256-4/Jd+LkQ2ssw8luQVkqVs9spDBVE6h/u/hC/tzngsPo=",
        "owner": "NixOS",
        "repo": "nixpkgs",
        "rev": "f937f8ecd1c70efd7e9f90ba13dfb400cf559de4",
        "type": "github"
      },
      "original": {
        "owner": "NixOS",
        "ref": "nixpkgs-unstable",
        "repo": "nixpkgs",
        "type": "github"
      }
    },
    "nixpkgs_5": {
      "locked": {
        "lastModified": 1754340878,
        "narHash": "sha256-lgmUyVQL9tSnvvIvBp7x1euhkkCho7n3TMzgjdvgPoU=",
        "owner": "nixos",
        "repo": "nixpkgs",
        "rev": "cab778239e705082fe97bb4990e0d24c50924c04",
        "type": "github"
      },
      "original": {
        "owner": "nixos",
        "ref": "nixpkgs-unstable",
        "repo": "nixpkgs",
        "type": "github"
      }
    },
    "nixvim": {
      "inputs": {
        "flake-parts": "flake-parts_3",
        "nixpkgs": "nixpkgs_4",
        "nuschtosSearch": "nuschtosSearch",
        "systems": "systems_2"
      },
      "locked": {
        "lastModified": 1756305488,
        "narHash": "sha256-+6cgFdac+DN5PAZg3YtRXAEdk++r6msy7wfFMNMNsEY=",
        "owner": "nix-community",
        "repo": "nixvim",
        "rev": "b7e96214e8e7244eceae73c606dcd243f6d180a3",
        "type": "github"
      },
      "original": {
        "owner": "nix-community",
        "repo": "nixvim",
        "type": "github"
      }
    },
    "nuschtosSearch": {
      "inputs": {
        "flake-utils": "flake-utils",
        "ixx": "ixx",
        "nixpkgs": [
          "nixvim",
          "nixpkgs"
        ]
      },
      "locked": {
        "lastModified": 1755555503,
        "narHash": "sha256-WiOO7GUOsJ4/DoMy2IC5InnqRDSo2U11la48vCCIjjY=",
        "owner": "NuschtOS",
        "repo": "search",
        "rev": "6f3efef888b92e6520f10eae15b86ff537e1d2ea",
        "type": "github"
      },
      "original": {
        "owner": "NuschtOS",
        "repo": "search",
        "type": "github"
      }
    },
    "root": {
      "inputs": {
        "mcp-hub": "mcp-hub",
        "mcphub-nvim": "mcphub-nvim",
        "nixpkgs": "nixpkgs_3",
        "nixvim": "nixvim",
        "snacks-nvim": "snacks-nvim",
        "treefmt-nix": "treefmt-nix"
      }
    },
    "snacks-nvim": {
      "flake": false,
      "locked": {
        "lastModified": 1740868622,
        "narHash": "sha256-Gw0Bp2YeoESiBLs3NPnqke3xwEjuiQDDU1CPofrhtig=",
        "owner": "folke",
        "repo": "snacks.nvim",
        "rev": "bc0630e43be5699bb94dadc302c0d21615421d93",
        "type": "github"
      },
      "original": {
        "owner": "folke",
        "repo": "snacks.nvim",
        "type": "github"
      }
    },
    "systems": {
      "locked": {
        "lastModified": 1681028828,
        "narHash": "sha256-Vy1rq5AaRuLzOxct8nz4T6wlgyUR7zLU309k9mBC768=",
        "owner": "nix-systems",
        "repo": "default",
        "rev": "da67096a3b9bf56a91d16901293e51ba5b49a27e",
        "type": "github"
      },
      "original": {
        "owner": "nix-systems",
        "repo": "default",
        "type": "github"
      }
    },
    "systems_2": {
      "locked": {
        "lastModified": 1681028828,
        "narHash": "sha256-Vy1rq5AaRuLzOxct8nz4T6wlgyUR7zLU309k9mBC768=",
        "owner": "nix-systems",
        "repo": "default",
        "rev": "da67096a3b9bf56a91d16901293e51ba5b49a27e",
        "type": "github"
      },
      "original": {
        "owner": "nix-systems",
        "repo": "default",
        "type": "github"
      }
    },
    "treefmt-nix": {
      "inputs": {
        "nixpkgs": "nixpkgs_5"
      },
      "locked": {
        "lastModified": 1755934250,
        "narHash": "sha256-CsDojnMgYsfshQw3t4zjRUkmMmUdZGthl16bXVWgRYU=",
        "owner": "numtide",
        "repo": "treefmt-nix",
        "rev": "74e1a52d5bd9430312f8d1b8b0354c92c17453e5",
        "type": "github"
      },
      "original": {
        "owner": "numtide",
        "repo": "treefmt-nix",
        "type": "github"
      }
    }
  },
  "root": "root",
  "version": 7
}
